// !$*UTF8*$!
{
	archiveVersion = 1;
	classes = {
	};
	objectVersion = 55;
	objects = {

/* Begin PBXBuildFile section */
		186C89A32960459A00095945 /* AppDelegate.swift in Sources */ = {isa = PBXBuildFile; fileRef = 186C89A22960459A00095945 /* AppDelegate.swift */; };
		186C89AC2960459D00095945 /* Assets.xcassets in Resources */ = {isa = PBXBuildFile; fileRef = 186C89AB2960459D00095945 /* Assets.xcassets */; };
		186C89AF2960459D00095945 /* LaunchScreen.storyboard in Resources */ = {isa = PBXBuildFile; fileRef = 186C89AD2960459D00095945 /* LaunchScreen.storyboard */; };
		186C89BA2960459D00095945 /* iOS_MVVMTests.swift in Sources */ = {isa = PBXBuildFile; fileRef = 186C89B92960459D00095945 /* iOS_MVVMTests.swift */; };
		186C89C42960459D00095945 /* iOS_MVVMUITests.swift in Sources */ = {isa = PBXBuildFile; fileRef = 186C89C32960459D00095945 /* iOS_MVVMUITests.swift */; };
		186C89C62960459D00095945 /* iOS_MVVMUITestsLaunchTests.swift in Sources */ = {isa = PBXBuildFile; fileRef = 186C89C52960459D00095945 /* iOS_MVVMUITestsLaunchTests.swift */; };
		186C89D42962DC2D00095945 /* MainViewController.swift in Sources */ = {isa = PBXBuildFile; fileRef = 186C89D32962DC2D00095945 /* MainViewController.swift */; };
/* End PBXBuildFile section */

/* Begin PBXContainerItemProxy section */
		186C89B62960459D00095945 /* PBXContainerItemProxy */ = {
			isa = PBXContainerItemProxy;
			containerPortal = 186C89972960459A00095945 /* Project object */;
			proxyType = 1;
			remoteGlobalIDString = 186C899E2960459A00095945;
			remoteInfo = iOS_MVVM;
		};
		186C89C02960459D00095945 /* PBXContainerItemProxy */ = {
			isa = PBXContainerItemProxy;
			containerPortal = 186C89972960459A00095945 /* Project object */;
			proxyType = 1;
			remoteGlobalIDString = 186C899E2960459A00095945;
			remoteInfo = iOS_MVVM;
		};
/* End PBXContainerItemProxy section */

/* Begin PBXFileReference section */
		186C899F2960459A00095945 /* iOS_MVVM.app */ = {isa = PBXFileReference; explicitFileType = wrapper.application; includeInIndex = 0; path = iOS_MVVM.app; sourceTree = BUILT_PRODUCTS_DIR; };
		186C89A22960459A00095945 /* AppDelegate.swift */ = {isa = PBXFileReference; lastKnownFileType = sourcecode.swift; path = AppDelegate.swift; sourceTree = "<group>"; };
		186C89AB2960459D00095945 /* Assets.xcassets */ = {isa = PBXFileReference; lastKnownFileType = folder.assetcatalog; path = Assets.xcassets; sourceTree = "<group>"; };
		186C89AE2960459D00095945 /* Base */ = {isa = PBXFileReference; lastKnownFileType = file.storyboard; name = Base; path = Base.lproj/LaunchScreen.storyboard; sourceTree = "<group>"; };
		186C89B02960459D00095945 /* Info.plist */ = {isa = PBXFileReference; lastKnownFileType = text.plist.xml; path = Info.plist; sourceTree = "<group>"; };
		186C89B52960459D00095945 /* iOS_MVVMTests.xctest */ = {isa = PBXFileReference; explicitFileType = wrapper.cfbundle; includeInIndex = 0; path = iOS_MVVMTests.xctest; sourceTree = BUILT_PRODUCTS_DIR; };
		186C89B92960459D00095945 /* iOS_MVVMTests.swift */ = {isa = PBXFileReference; lastKnownFileType = sourcecode.swift; path = iOS_MVVMTests.swift; sourceTree = "<group>"; };
		186C89BF2960459D00095945 /* iOS_MVVMUITests.xctest */ = {isa = PBXFileReference; explicitFileType = wrapper.cfbundle; includeInIndex = 0; path = iOS_MVVMUITests.xctest; sourceTree = BUILT_PRODUCTS_DIR; };
		186C89C32960459D00095945 /* iOS_MVVMUITests.swift */ = {isa = PBXFileReference; lastKnownFileType = sourcecode.swift; path = iOS_MVVMUITests.swift; sourceTree = "<group>"; };
		186C89C52960459D00095945 /* iOS_MVVMUITestsLaunchTests.swift */ = {isa = PBXFileReference; lastKnownFileType = sourcecode.swift; path = iOS_MVVMUITestsLaunchTests.swift; sourceTree = "<group>"; };
		186C89D32962DC2D00095945 /* MainViewController.swift */ = {isa = PBXFileReference; lastKnownFileType = sourcecode.swift; path = MainViewController.swift; sourceTree = "<group>"; };
/* End PBXFileReference section */

/* Begin PBXFrameworksBuildPhase section */
		186C899C2960459A00095945 /* Frameworks */ = {
			isa = PBXFrameworksBuildPhase;
			buildActionMask = 2147483647;
			files = (
			);
			runOnlyForDeploymentPostprocessing = 0;
		};
		186C89B22960459D00095945 /* Frameworks */ = {
			isa = PBXFrameworksBuildPhase;
			buildActionMask = 2147483647;
			files = (
			);
			runOnlyForDeploymentPostprocessing = 0;
		};
		186C89BC2960459D00095945 /* Frameworks */ = {
			isa = PBXFrameworksBuildPhase;
			buildActionMask = 2147483647;
			files = (
			);
			runOnlyForDeploymentPostprocessing = 0;
		};
/* End PBXFrameworksBuildPhase section */

/* Begin PBXGroup section */
		186C89962960459A00095945 = {
			isa = PBXGroup;
			children = (
				186C89A12960459A00095945 /* iOS_MVVM */,
				186C89B82960459D00095945 /* iOS_MVVMTests */,
				186C89C22960459D00095945 /* iOS_MVVMUITests */,
				186C89A02960459A00095945 /* Products */,
			);
			sourceTree = "<group>";
		};
		186C89A02960459A00095945 /* Products */ = {
			isa = PBXGroup;
			children = (
				186C899F2960459A00095945 /* iOS_MVVM.app */,
				186C89B52960459D00095945 /* iOS_MVVMTests.xctest */,
				186C89BF2960459D00095945 /* iOS_MVVMUITests.xctest */,
			);
			name = Products;
			sourceTree = "<group>";
		};
		186C89A12960459A00095945 /* iOS_MVVM */ = {
			isa = PBXGroup;
			children = (
				186C89D229604A7300095945 /* MainViewController */,
				186C89A22960459A00095945 /* AppDelegate.swift */,
				186C89AB2960459D00095945 /* Assets.xcassets */,
				186C89AD2960459D00095945 /* LaunchScreen.storyboard */,
				186C89B02960459D00095945 /* Info.plist */,
			);
			path = iOS_MVVM;
			sourceTree = "<group>";
		};
		186C89B82960459D00095945 /* iOS_MVVMTests */ = {
			isa = PBXGroup;
			children = (
				186C89B92960459D00095945 /* iOS_MVVMTests.swift */,
			);
			path = iOS_MVVMTests;
			sourceTree = "<group>";
		};
		186C89C22960459D00095945 /* iOS_MVVMUITests */ = {
			isa = PBXGroup;
			children = (
				186C89C32960459D00095945 /* iOS_MVVMUITests.swift */,
				186C89C52960459D00095945 /* iOS_MVVMUITestsLaunchTests.swift */,
			);
			path = iOS_MVVMUITests;
			sourceTree = "<group>";
		};
		186C89D229604A7300095945 /* MainViewController */ = {
			isa = PBXGroup;
			children = (
				186C89D32962DC2D00095945 /* MainViewController.swift */,
			);
			path = MainViewController;
			sourceTree = "<group>";
		};
/* End PBXGroup section */

/* Begin PBXNativeTarget section */
		186C899E2960459A00095945 /* iOS_MVVM */ = {
			isa = PBXNativeTarget;
			buildConfigurationList = 186C89C92960459D00095945 /* Build configuration list for PBXNativeTarget "iOS_MVVM" */;
			buildPhases = (
				186C899B2960459A00095945 /* Sources */,
				186C899C2960459A00095945 /* Frameworks */,
				186C899D2960459A00095945 /* Resources */,
			);
			buildRules = (
			);
			dependencies = (
			);
			name = iOS_MVVM;
			productName = iOS_MVVM;
			productReference = 186C899F2960459A00095945 /* iOS_MVVM.app */;
			productType = "com.apple.product-type.application";
		};
		186C89B42960459D00095945 /* iOS_MVVMTests */ = {
			isa = PBXNativeTarget;
			buildConfigurationList = 186C89CC2960459D00095945 /* Build configuration list for PBXNativeTarget "iOS_MVVMTests" */;
			buildPhases = (
				186C89B12960459D00095945 /* Sources */,
				186C89B22960459D00095945 /* Frameworks */,
				186C89B32960459D00095945 /* Resources */,
			);
			buildRules = (
			);
			dependencies = (
				186C89B72960459D00095945 /* PBXTargetDependency */,
			);
			name = iOS_MVVMTests;
			productName = iOS_MVVMTests;
			productReference = 186C89B52960459D00095945 /* iOS_MVVMTests.xctest */;
			productType = "com.apple.product-type.bundle.unit-test";
		};
		186C89BE2960459D00095945 /* iOS_MVVMUITests */ = {
			isa = PBXNativeTarget;
			buildConfigurationList = 186C89CF2960459D00095945 /* Build configuration list for PBXNativeTarget "iOS_MVVMUITests" */;
			buildPhases = (
				186C89BB2960459D00095945 /* Sources */,
				186C89BC2960459D00095945 /* Frameworks */,
				186C89BD2960459D00095945 /* Resources */,
			);
			buildRules = (
			);
			dependencies = (
				186C89C12960459D00095945 /* PBXTargetDependency */,
			);
			name = iOS_MVVMUITests;
			productName = iOS_MVVMUITests;
			productReference = 186C89BF2960459D00095945 /* iOS_MVVMUITests.xctest */;
			productType = "com.apple.product-type.bundle.ui-testing";
		};
/* End PBXNativeTarget section */

/* Begin PBXProject section */
		186C89972960459A00095945 /* Project object */ = {
			isa = PBXProject;
			attributes = {
				BuildIndependentTargetsInParallel = 1;
				LastSwiftUpdateCheck = 1340;
				LastUpgradeCheck = 1340;
				TargetAttributes = {
					186C899E2960459A00095945 = {
						CreatedOnToolsVersion = 13.4.1;
					};
					186C89B42960459D00095945 = {
						CreatedOnToolsVersion = 13.4.1;
						TestTargetID = 186C899E2960459A00095945;
					};
					186C89BE2960459D00095945 = {
						CreatedOnToolsVersion = 13.4.1;
						TestTargetID = 186C899E2960459A00095945;
					};
				};
			};
			buildConfigurationList = 186C899A2960459A00095945 /* Build configuration list for PBXProject "iOS_MVVM" */;
			compatibilityVersion = "Xcode 13.0";
			developmentRegion = en;
			hasScannedForEncodings = 0;
			knownRegions = (
				en,
				Base,
			);
			mainGroup = 186C89962960459A00095945;
			productRefGroup = 186C89A02960459A00095945 /* Products */;
			projectDirPath = "";
			projectRoot = "";
			targets = (
				186C899E2960459A00095945 /* iOS_MVVM */,
				186C89B42960459D00095945 /* iOS_MVVMTests */,
				186C89BE2960459D00095945 /* iOS_MVVMUITests */,
			);
		};
/* End PBXProject section */

/* Begin PBXResourcesBuildPhase section */
		186C899D2960459A00095945 /* Resources */ = {
			isa = PBXResourcesBuildPhase;
			buildActionMask = 2147483647;
			files = (
				186C89AF2960459D00095945 /* LaunchScreen.storyboard in Resources */,
				186C89AC2960459D00095945 /* Assets.xcassets in Resources */,
			);
			runOnlyForDeploymentPostprocessing = 0;
		};
		186C89B32960459D00095945 /* Resources */ = {
			isa = PBXResourcesBuildPhase;
			buildActionMask = 2147483647;
			files = (
			);
			runOnlyForDeploymentPostprocessing = 0;
		};
		186C89BD2960459D00095945 /* Resources */ = {
			isa = PBXResourcesBuildPhase;
			buildActionMask = 2147483647;
			files = (
			);
			runOnlyForDeploymentPostprocessing = 0;
		};
/* End PBXResourcesBuildPhase section */

/* Begin PBXSourcesBuildPhase section */
		186C899B2960459A00095945 /* Sources */ = {
			isa = PBXSourcesBuildPhase;
			buildActionMask = 2147483647;
			files = (
				186C89A32960459A00095945 /* AppDelegate.swift in Sources */,
				186C89D42962DC2D00095945 /* MainViewController.swift in Sources */,
			);
			runOnlyForDeploymentPostprocessing = 0;
		};
		186C89B12960459D00095945 /* Sources */ = {
			isa = PBXSourcesBuildPhase;
			buildActionMask = 2147483647;
			files = (
				186C89BA2960459D00095945 /* iOS_MVVMTests.swift in Sources */,
			);
			runOnlyForDeploymentPostprocessing = 0;
		};
		186C89BB2960459D00095945 /* Sources */ = {
			isa = PBXSourcesBuildPhase;
			buildActionMask = 2147483647;
			files = (
				186C89C62960459D00095945 /* iOS_MVVMUITestsLaunchTests.swift in Sources */,
				186C89C42960459D00095945 /* iOS_MVVMUITests.swift in Sources */,
			);
			runOnlyForDeploymentPostprocessing = 0;
		};
/* End PBXSourcesBuildPhase section */

/* Begin PBXTargetDependency section */
		186C89B72960459D00095945 /* PBXTargetDependency */ = {
			isa = PBXTargetDependency;
			target = 186C899E2960459A00095945 /* iOS_MVVM */;
			targetProxy = 186C89B62960459D00095945 /* PBXContainerItemProxy */;
		};
		186C89C12960459D00095945 /* PBXTargetDependency */ = {
			isa = PBXTargetDependency;
			target = 186C899E2960459A00095945 /* iOS_MVVM */;
			targetProxy = 186C89C02960459D00095945 /* PBXContainerItemProxy */;
		};
/* End PBXTargetDependency section */

/* Begin PBXVariantGroup section */
		186C89AD2960459D00095945 /* LaunchScreen.storyboard */ = {
			isa = PBXVariantGroup;
			children = (
				186C89AE2960459D00095945 /* Base */,
			);
			name = LaunchScreen.storyboard;
			sourceTree = "<group>";
		};
/* End PBXVariantGroup section */

/* Begin XCBuildConfiguration section */
		186C89C72960459D00095945 /* Debug */ = {
			isa = XCBuildConfiguration;
			buildSettings = {
				ALWAYS_SEARCH_USER_PATHS = NO;
				CLANG_ANALYZER_NONNULL = YES;
				CLANG_ANALYZER_NUMBER_OBJECT_CONVERSION = YES_AGGRESSIVE;
				CLANG_CXX_LANGUAGE_STANDARD = "gnu++17";
				CLANG_ENABLE_MODULES = YES;
				CLANG_ENABLE_OBJC_ARC = YES;
				CLANG_ENABLE_OBJC_WEAK = YES;
				CLANG_WARN_BLOCK_CAPTURE_AUTORELEASING = YES;
				CLANG_WARN_BOOL_CONVERSION = YES;
				CLANG_WARN_COMMA = YES;
				CLANG_WARN_CONSTANT_CONVERSION = YES;
				CLANG_WARN_DEPRECATED_OBJC_IMPLEMENTATIONS = YES;
				CLANG_WARN_DIRECT_OBJC_ISA_USAGE = YES_ERROR;
				CLANG_WARN_DOCUMENTATION_COMMENTS = YES;
				CLANG_WARN_EMPTY_BODY = YES;
				CLANG_WARN_ENUM_CONVERSION = YES;
				CLANG_WARN_INFINITE_RECURSION = YES;
				CLANG_WARN_INT_CONVERSION = YES;
				CLANG_WARN_NON_LITERAL_NULL_CONVERSION = YES;
				CLANG_WARN_OBJC_IMPLICIT_RETAIN_SELF = YES;
				CLANG_WARN_OBJC_LITERAL_CONVERSION = YES;
				CLANG_WARN_OBJC_ROOT_CLASS = YES_ERROR;
				CLANG_WARN_QUOTED_INCLUDE_IN_FRAMEWORK_HEADER = YES;
				CLANG_WARN_RANGE_LOOP_ANALYSIS = YES;
				CLANG_WARN_STRICT_PROTOTYPES = YES;
				CLANG_WARN_SUSPICIOUS_MOVE = YES;
				CLANG_WARN_UNGUARDED_AVAILABILITY = YES_AGGRESSIVE;
				CLANG_WARN_UNREACHABLE_CODE = YES;
				CLANG_WARN__DUPLICATE_METHOD_MATCH = YES;
				COPY_PHASE_STRIP = NO;
				DEBUG_INFORMATION_FORMAT = dwarf;
				ENABLE_STRICT_OBJC_MSGSEND = YES;
				ENABLE_TESTABILITY = YES;
				GCC_C_LANGUAGE_STANDARD = gnu11;
				GCC_DYNAMIC_NO_PIC = NO;
				GCC_NO_COMMON_BLOCKS = YES;
				GCC_OPTIMIZATION_LEVEL = 0;
				GCC_PREPROCESSOR_DEFINITIONS = (
					"DEBUG=1",
					"$(inherited)",
				);
				GCC_WARN_64_TO_32_BIT_CONVERSION = YES;
				GCC_WARN_ABOUT_RETURN_TYPE = YES_ERROR;
				GCC_WARN_UNDECLARED_SELECTOR = YES;
				GCC_WARN_UNINITIALIZED_AUTOS = YES_AGGRESSIVE;
				GCC_WARN_UNUSED_FUNCTION = YES;
				GCC_WARN_UNUSED_VARIABLE = YES;
				IPHONEOS_DEPLOYMENT_TARGET = 15.5;
				MTL_ENABLE_DEBUG_INFO = INCLUDE_SOURCE;
				MTL_FAST_MATH = YES;
				ONLY_ACTIVE_ARCH = YES;
				SDKROOT = iphoneos;
				SWIFT_ACTIVE_COMPILATION_CONDITIONS = DEBUG;
				SWIFT_OPTIMIZATION_LEVEL = "-Onone";
			};
			name = Debug;
		};
		186C89C82960459D00095945 /* Release */ = {
			isa = XCBuildConfiguration;
			buildSettings = {
				ALWAYS_SEARCH_USER_PATHS = NO;
				CLANG_ANALYZER_NONNULL = YES;
				CLANG_ANALYZER_NUMBER_OBJECT_CONVERSION = YES_AGGRESSIVE;
				CLANG_CXX_LANGUAGE_STANDARD = "gnu++17";
				CLANG_ENABLE_MODULES = YES;
				CLANG_ENABLE_OBJC_ARC = YES;
				CLANG_ENABLE_OBJC_WEAK = YES;
				CLANG_WARN_BLOCK_CAPTURE_AUTORELEASING = YES;
				CLANG_WARN_BOOL_CONVERSION = YES;
				CLANG_WARN_COMMA = YES;
				CLANG_WARN_CONSTANT_CONVERSION = YES;
				CLANG_WARN_DEPRECATED_OBJC_IMPLEMENTATIONS = YES;
				CLANG_WARN_DIRECT_OBJC_ISA_USAGE = YES_ERROR;
				CLANG_WARN_DOCUMENTATION_COMMENTS = YES;
				CLANG_WARN_EMPTY_BODY = YES;
				CLANG_WARN_ENUM_CONVERSION = YES;
				CLANG_WARN_INFINITE_RECURSION = YES;
				CLANG_WARN_INT_CONVERSION = YES;
				CLANG_WARN_NON_LITERAL_NULL_CONVERSION = YES;
				CLANG_WARN_OBJC_IMPLICIT_RETAIN_SELF = YES;
				CLANG_WARN_OBJC_LITERAL_CONVERSION = YES;
				CLANG_WARN_OBJC_ROOT_CLASS = YES_ERROR;
				CLANG_WARN_QUOTED_INCLUDE_IN_FRAMEWORK_HEADER = YES;
				CLANG_WARN_RANGE_LOOP_ANALYSIS = YES;
				CLANG_WARN_STRICT_PROTOTYPES = YES;
				CLANG_WARN_SUSPICIOUS_MOVE = YES;
				CLANG_WARN_UNGUARDED_AVAILABILITY = YES_AGGRESSIVE;
				CLANG_WARN_UNREACHABLE_CODE = YES;
				CLANG_WARN__DUPLICATE_METHOD_MATCH = YES;
				COPY_PHASE_STRIP = NO;
				DEBUG_INFORMATION_FORMAT = "dwarf-with-dsym";
				ENABLE_NS_ASSERTIONS = NO;
				ENABLE_STRICT_OBJC_MSGSEND = YES;
				GCC_C_LANGUAGE_STANDARD = gnu11;
				GCC_NO_COMMON_BLOCKS = YES;
				GCC_WARN_64_TO_32_BIT_CONVERSION = YES;
				GCC_WARN_ABOUT_RETURN_TYPE = YES_ERROR;
				GCC_WARN_UNDECLARED_SELECTOR = YES;
				GCC_WARN_UNINITIALIZED_AUTOS = YES_AGGRESSIVE;
				GCC_WARN_UNUSED_FUNCTION = YES;
				GCC_WARN_UNUSED_VARIABLE = YES;
				IPHONEOS_DEPLOYMENT_TARGET = 15.5;
				MTL_ENABLE_DEBUG_INFO = NO;
				MTL_FAST_MATH = YES;
				SDKROOT = iphoneos;
				SWIFT_COMPILATION_MODE = wholemodule;
				SWIFT_OPTIMIZATION_LEVEL = "-O";
				VALIDATE_PRODUCT = YES;
			};
			name = Release;
		};
		186C89CA2960459D00095945 /* Debug */ = {
			isa = XCBuildConfiguration;
			buildSettings = {
				ASSETCATALOG_COMPILER_APPICON_NAME = AppIcon;
				ASSETCATALOG_COMPILER_GLOBAL_ACCENT_COLOR_NAME = AccentColor;
				CODE_SIGN_STYLE = Automatic;
				CURRENT_PROJECT_VERSION = 1;
				DEVELOPMENT_TEAM = XH7PKF9Q8S;
				GENERATE_INFOPLIST_FILE = YES;
				INFOPLIST_FILE = iOS_MVVM/Info.plist;
				INFOPLIST_KEY_UIApplicationSupportsIndirectInputEvents = YES;
				INFOPLIST_KEY_UILaunchStoryboardName = LaunchScreen;
				INFOPLIST_KEY_UISupportedInterfaceOrientations = UIInterfaceOrientationPortrait;
				INFOPLIST_KEY_UISupportedInterfaceOrientations_iPad = "UIInterfaceOrientationPortrait UIInterfaceOrientationPortraitUpsideDown UIInterfaceOrientationLandscapeLeft UIInterfaceOrientationLandscapeRight";
				INFOPLIST_KEY_UISupportedInterfaceOrientations_iPhone = "UIInterfaceOrientationPortrait UIInterfaceOrientationLandscapeLeft UIInterfaceOrientationLandscapeRight";
				LD_RUNPATH_SEARCH_PATHS = (
					"$(inherited)",
					"@executable_path/Frameworks",
				);
				MARKETING_VERSION = 1.0;
				PRODUCT_BUNDLE_IDENTIFIER = "com.gaisie.iOS-MVVM";
				PRODUCT_NAME = "$(TARGET_NAME)";
				SWIFT_EMIT_LOC_STRINGS = YES;
				SWIFT_VERSION = 5.0;
				TARGETED_DEVICE_FAMILY = 1;
			};
			name = Debug;
		};
		186C89CB2960459D00095945 /* Release */ = {
			isa = XCBuildConfiguration;
			buildSettings = {
				ASSETCATALOG_COMPILER_APPICON_NAME = AppIcon;
				ASSETCATALOG_COMPILER_GLOBAL_ACCENT_COLOR_NAME = AccentColor;
				CODE_SIGN_STYLE = Automatic;
				CURRENT_PROJECT_VERSION = 1;
				DEVELOPMENT_TEAM = XH7PKF9Q8S;
				GENERATE_INFOPLIST_FILE = YES;
				INFOPLIST_FILE = iOS_MVVM/Info.plist;
				INFOPLIST_KEY_UIApplicationSupportsIndirectInputEvents = YES;
				INFOPLIST_KEY_UILaunchStoryboardName = LaunchScreen;
				INFOPLIST_KEY_UISupportedInterfaceOrientations = UIInterfaceOrientationPortrait;
				INFOPLIST_KEY_UISupportedInterfaceOrientations_iPad = "UIInterfaceOrientationPortrait UIInterfaceOrientationPortraitUpsideDown UIInterfaceOrientationLandscapeLeft UIInterfaceOrientationLandscapeRight";
				INFOPLIST_KEY_UISupportedInterfaceOrientations_iPhone = "UIInterfaceOrientationPortrait UIInterfaceOrientationLandscapeLeft UIInterfaceOrientationLandscapeRight";
				LD_RUNPATH_SEARCH_PATHS = (
					"$(inherited)",
					"@executable_path/Frameworks",
				);
				MARKETING_VERSION = 1.0;
				PRODUCT_BUNDLE_IDENTIFIER = "com.gaisie.iOS-MVVM";
				PRODUCT_NAME = "$(TARGET_NAME)";
				SWIFT_EMIT_LOC_STRINGS = YES;
				SWIFT_VERSION = 5.0;
				TARGETED_DEVICE_FAMILY = 1;
			};
			name = Release;
		};
		186C89CD2960459D00095945 /* Debug */ = {
			isa = XCBuildConfiguration;
			buildSettings = {
				ALWAYS_EMBED_SWIFT_STANDARD_LIBRARIES = YES;
				BUNDLE_LOADER = "$(TEST_HOST)";
				CODE_SIGN_STYLE = Automatic;
				CURRENT_PROJECT_VERSION = 1;
				DEVELOPMENT_TEAM = XH7PKF9Q8S;
				GENERATE_INFOPLIST_FILE = YES;
				IPHONEOS_DEPLOYMENT_TARGET = 15.5;
				MARKETING_VERSION = 1.0;
				PRODUCT_BUNDLE_IDENTIFIER = "com.gaisie.iOS-MVVMTests";
				PRODUCT_NAME = "$(TARGET_NAME)";
				SWIFT_EMIT_LOC_STRINGS = NO;
				SWIFT_VERSION = 5.0;
				TARGETED_DEVICE_FAMILY = "1,2";
				TEST_HOST = "$(BUILT_PRODUCTS_DIR)/iOS_MVVM.app/iOS_MVVM";
			};
			name = Debug;
		};
		186C89CE2960459D00095945 /* Release */ = {
			isa = XCBuildConfiguration;
			buildSettings = {
				ALWAYS_EMBED_SWIFT_STANDARD_LIBRARIES = YES;
				BUNDLE_LOADER = "$(TEST_HOST)";
				CODE_SIGN_STYLE = Automatic;
				CURRENT_PROJECT_VERSION = 1;
				DEVELOPMENT_TEAM = XH7PKF9Q8S;
				GENERATE_INFOPLIST_FILE = YES;
				IPHONEOS_DEPLOYMENT_TARGET = 15.5;
				MARKETING_VERSION = 1.0;
				PRODUCT_BUNDLE_IDENTIFIER = "com.gaisie.iOS-MVVMTests";
				PRODUCT_NAME = "$(TARGET_NAME)";
				SWIFT_EMIT_LOC_STRINGS = NO;
				SWIFT_VERSION = 5.0;
				TARGETED_DEVICE_FAMILY = "1,2";
				TEST_HOST = "$(BUILT_PRODUCTS_DIR)/iOS_MVVM.app/iOS_MVVM";
			};
			name = Release;
		};
		186C89D02960459D00095945 /* Debug */ = {
			isa = XCBuildConfiguration;
			buildSettings = {
				ALWAYS_EMBED_SWIFT_STANDARD_LIBRARIES = YES;
				CODE_SIGN_STYLE = Automatic;
				CURRENT_PROJECT_VERSION = 1;
				DEVELOPMENT_TEAM = XH7PKF9Q8S;
				GENERATE_INFOPLIST_FILE = YES;
				MARKETING_VERSION = 1.0;
				PRODUCT_BUNDLE_IDENTIFIER = "com.gaisie.iOS-MVVMUITests";
				PRODUCT_NAME = "$(TARGET_NAME)";
				SWIFT_EMIT_LOC_STRINGS = NO;
				SWIFT_VERSION = 5.0;
				TARGETED_DEVICE_FAMILY = "1,2";
				TEST_TARGET_NAME = iOS_MVVM;
			};
			name = Debug;
		};
		186C89D12960459D00095945 /* Release */ = {
			isa = XCBuildConfiguration;
			buildSettings = {
				ALWAYS_EMBED_SWIFT_STANDARD_LIBRARIES = YES;
				CODE_SIGN_STYLE = Automatic;
				CURRENT_PROJECT_VERSION = 1;
				DEVELOPMENT_TEAM = XH7PKF9Q8S;
				GENERATE_INFOPLIST_FILE = YES;
				MARKETING_VERSION = 1.0;
				PRODUCT_BUNDLE_IDENTIFIER = "com.gaisie.iOS-MVVMUITests";
				PRODUCT_NAME = "$(TARGET_NAME)";
				SWIFT_EMIT_LOC_STRINGS = NO;
				SWIFT_VERSION = 5.0;
				TARGETED_DEVICE_FAMILY = "1,2";
				TEST_TARGET_NAME = iOS_MVVM;
			};
			name = Release;
		};
/* End XCBuildConfiguration section */

/* Begin XCConfigurationList section */
		186C899A2960459A00095945 /* Build configuration list for PBXProject "iOS_MVVM" */ = {
			isa = XCConfigurationList;
			buildConfigurations = (
				186C89C72960459D00095945 /* Debug */,
				186C89C82960459D00095945 /* Release */,
			);
			defaultConfigurationIsVisible = 0;
			defaultConfigurationName = Release;
		};
		186C89C92960459D00095945 /* Build configuration list for PBXNativeTarget "iOS_MVVM" */ = {
			isa = XCConfigurationList;
			buildConfigurations = (
				186C89CA2960459D00095945 /* Debug */,
				186C89CB2960459D00095945 /* Release */,
			);
			defaultConfigurationIsVisible = 0;
			defaultConfigurationName = Release;
		};
		186C89CC2960459D00095945 /* Build configuration list for PBXNativeTarget "iOS_MVVMTests" */ = {
			isa = XCConfigurationList;
			buildConfigurations = (
				186C89CD2960459D00095945 /* Debug */,
				186C89CE2960459D00095945 /* Release */,
			);
			defaultConfigurationIsVisible = 0;
			defaultConfigurationName = Release;
		};
		186C89CF2960459D00095945 /* Build configuration list for PBXNativeTarget "iOS_MVVMUITests" */ = {
			isa = XCConfigurationList;
			buildConfigurations = (
				186C89D02960459D00095945 /* Debug */,
				186C89D12960459D00095945 /* Release */,
			);
			defaultConfigurationIsVisible = 0;
			defaultConfigurationName = Release;
		};
/* End XCConfigurationList section */
	};
	rootObject = 186C89972960459A00095945 /* Project object */;
}
